
Microsoft Visual Studio Solution File, Format Version 12.00
# Visual Studio Version 17
VisualStudioVersion = 17.7.34202.233
MinimumVisualStudioVersion = 10.0.40219.1
Project("{8BC9CEB8-8B4A-11D0-8D11-00A0C91BC942}") = "Day1Puzzle1", "Day1Puzzle1\Day1Puzzle1.vcxproj", "{229640EE-872B-4C6D-BD5A-61D11BC2319A}"
EndProject
Project("{8BC9CEB8-8B4A-11D0-8D11-00A0C91BC942}") = "Day1Puzzle2", "Day1Puzzle2\Day1Puzzle2.vcxproj", "{66EF040E-A64A-4426-91C7-8617427344C2}"
EndProject
Project("{8BC9CEB8-8B4A-11D0-8D11-00A0C91BC942}") = "Day2Puzzle1", "Day2Puzzle1\Day2Puzzle1.vcxproj", "{E059AF57-1FD3-4FE3-9F29-A06E852E089A}"
EndProject
Project("{8BC9CEB8-8B4A-11D0-8D11-00A0C91BC942}") = "Day2Puzzle2", "Day2Puzzle2\Day2Puzzle2.vcxproj", "{15A76B06-453C-4560-BB42-7DB72432825D}"
EndProject
Project("{8BC9CEB8-8B4A-11D0-8D11-00A0C91BC942}") = "Day3Puzzle1", "Day3Puzzle1\Day3Puzzle1.vcxproj", "{F90840AB-572E-40BD-B4BA-F80CA68A1A6F}"
EndProject
Project("{8BC9CEB8-8B4A-11D0-8D11-00A0C91BC942}") = "Day3Puzzle2", "Day3Puzzle2\Day3Puzzle2.vcxproj", "{67AD6096-CF4C-4ED4-AB5D-0B0DB3401577}"
EndProject
Project("{8BC9CEB8-8B4A-11D0-8D11-00A0C91BC942}") = "Day4Puzzle1", "Day4Puzzle1\Day4Puzzle1.vcxproj", "{A51B1AD4-E2CF-459F-AB3B-F25BB3AD00E9}"
EndProject
Project("{8BC9CEB8-8B4A-11D0-8D11-00A0C91BC942}") = "Day4Puzzle2", "Day4Puzzle2\Day4Puzzle2.vcxproj", "{5F139AD2-256F-41BD-B869-A96D1A58F784}"
EndProject
Global
	GlobalSection(SolutionConfigurationPlatforms) = preSolution
		Debug|x64 = Debug|x64
		Debug|x86 = Debug|x86
		Release|x64 = Release|x64
		Release|x86 = Release|x86
	EndGlobalSection
	GlobalSection(ProjectConfigurationPlatforms) = postSolution
		{229640EE-872B-4C6D-BD5A-61D11BC2319A}.Debug|x64.ActiveCfg = Debug|x64
		{229640EE-872B-4C6D-BD5A-61D11BC2319A}.Debug|x64.Build.0 = Debug|x64
		{229640EE-872B-4C6D-BD5A-61D11BC2319A}.Debug|x86.ActiveCfg = Debug|Win32
		{229640EE-872B-4C6D-BD5A-61D11BC2319A}.Debug|x86.Build.0 = Debug|Win32
		{229640EE-872B-4C6D-BD5A-61D11BC2319A}.Release|x64.ActiveCfg = Release|x64
		{229640EE-872B-4C6D-BD5A-61D11BC2319A}.Release|x64.Build.0 = Release|x64
		{229640EE-872B-4C6D-BD5A-61D11BC2319A}.Release|x86.ActiveCfg = Release|Win32
		{229640EE-872B-4C6D-BD5A-61D11BC2319A}.Release|x86.Build.0 = Release|Win32
		{66EF040E-A64A-4426-91C7-8617427344C2}.Debug|x64.ActiveCfg = Debug|x64
		{66EF040E-A64A-4426-91C7-8617427344C2}.Debug|x64.Build.0 = Debug|x64
		{66EF040E-A64A-4426-91C7-8617427344C2}.Debug|x86.ActiveCfg = Debug|Win32
		{66EF040E-A64A-4426-91C7-8617427344C2}.Debug|x86.Build.0 = Debug|Win32
		{66EF040E-A64A-4426-91C7-8617427344C2}.Release|x64.ActiveCfg = Release|x64
		{66EF040E-A64A-4426-91C7-8617427344C2}.Release|x64.Build.0 = Release|x64
		{66EF040E-A64A-4426-91C7-8617427344C2}.Release|x86.ActiveCfg = Release|Win32
		{66EF040E-A64A-4426-91C7-8617427344C2}.Release|x86.Build.0 = Release|Win32
		{E059AF57-1FD3-4FE3-9F29-A06E852E089A}.Debug|x64.ActiveCfg = Debug|x64
		{E059AF57-1FD3-4FE3-9F29-A06E852E089A}.Debug|x64.Build.0 = Debug|x64
		{E059AF57-1FD3-4FE3-9F29-A06E852E089A}.Debug|x86.ActiveCfg = Debug|Win32
		{E059AF57-1FD3-4FE3-9F29-A06E852E089A}.Debug|x86.Build.0 = Debug|Win32
		{E059AF57-1FD3-4FE3-9F29-A06E852E089A}.Release|x64.ActiveCfg = Release|x64
		{E059AF57-1FD3-4FE3-9F29-A06E852E089A}.Release|x64.Build.0 = Release|x64
		{E059AF57-1FD3-4FE3-9F29-A06E852E089A}.Release|x86.ActiveCfg = Release|Win32
		{E059AF57-1FD3-4FE3-9F29-A06E852E089A}.Release|x86.Build.0 = Release|Win32
		{15A76B06-453C-4560-BB42-7DB72432825D}.Debug|x64.ActiveCfg = Debug|x64
		{15A76B06-453C-4560-BB42-7DB72432825D}.Debug|x64.Build.0 = Debug|x64
		{15A76B06-453C-4560-BB42-7DB72432825D}.Debug|x86.ActiveCfg = Debug|Win32
		{15A76B06-453C-4560-BB42-7DB72432825D}.Debug|x86.Build.0 = Debug|Win32
		{15A76B06-453C-4560-BB42-7DB72432825D}.Release|x64.ActiveCfg = Release|x64
		{15A76B06-453C-4560-BB42-7DB72432825D}.Release|x64.Build.0 = Release|x64
		{15A76B06-453C-4560-BB42-7DB72432825D}.Release|x86.ActiveCfg = Release|Win32
		{15A76B06-453C-4560-BB42-7DB72432825D}.Release|x86.Build.0 = Release|Win32
		{F90840AB-572E-40BD-B4BA-F80CA68A1A6F}.Debug|x64.ActiveCfg = Debug|x64
		{F90840AB-572E-40BD-B4BA-F80CA68A1A6F}.Debug|x64.Build.0 = Debug|x64
		{F90840AB-572E-40BD-B4BA-F80CA68A1A6F}.Debug|x86.ActiveCfg = Debug|Win32
		{F90840AB-572E-40BD-B4BA-F80CA68A1A6F}.Debug|x86.Build.0 = Debug|Win32
		{F90840AB-572E-40BD-B4BA-F80CA68A1A6F}.Release|x64.ActiveCfg = Release|x64
		{F90840AB-572E-40BD-B4BA-F80CA68A1A6F}.Release|x64.Build.0 = Release|x64
		{F90840AB-572E-40BD-B4BA-F80CA68A1A6F}.Release|x86.ActiveCfg = Release|Win32
		{F90840AB-572E-40BD-B4BA-F80CA68A1A6F}.Release|x86.Build.0 = Release|Win32
		{67AD6096-CF4C-4ED4-AB5D-0B0DB3401577}.Debug|x64.ActiveCfg = Debug|x64
		{67AD6096-CF4C-4ED4-AB5D-0B0DB3401577}.Debug|x64.Build.0 = Debug|x64
		{67AD6096-CF4C-4ED4-AB5D-0B0DB3401577}.Debug|x86.ActiveCfg = Debug|Win32
		{67AD6096-CF4C-4ED4-AB5D-0B0DB3401577}.Debug|x86.Build.0 = Debug|Win32
		{67AD6096-CF4C-4ED4-AB5D-0B0DB3401577}.Release|x64.ActiveCfg = Release|x64
		{67AD6096-CF4C-4ED4-AB5D-0B0DB3401577}.Release|x64.Build.0 = Release|x64
		{67AD6096-CF4C-4ED4-AB5D-0B0DB3401577}.Release|x86.ActiveCfg = Release|Win32
		{67AD6096-CF4C-4ED4-AB5D-0B0DB3401577}.Release|x86.Build.0 = Release|Win32
		{A51B1AD4-E2CF-459F-AB3B-F25BB3AD00E9}.Debug|x64.ActiveCfg = Debug|x64
		{A51B1AD4-E2CF-459F-AB3B-F25BB3AD00E9}.Debug|x64.Build.0 = Debug|x64
		{A51B1AD4-E2CF-459F-AB3B-F25BB3AD00E9}.Debug|x86.ActiveCfg = Debug|Win32
		{A51B1AD4-E2CF-459F-AB3B-F25BB3AD00E9}.Debug|x86.Build.0 = Debug|Win32
		{A51B1AD4-E2CF-459F-AB3B-F25BB3AD00E9}.Release|x64.ActiveCfg = Release|x64
		{A51B1AD4-E2CF-459F-AB3B-F25BB3AD00E9}.Release|x64.Build.0 = Release|x64
		{A51B1AD4-E2CF-459F-AB3B-F25BB3AD00E9}.Release|x86.ActiveCfg = Release|Win32
		{A51B1AD4-E2CF-459F-AB3B-F25BB3AD00E9}.Release|x86.Build.0 = Release|Win32
		{5F139AD2-256F-41BD-B869-A96D1A58F784}.Debug|x64.ActiveCfg = Debug|x64
		{5F139AD2-256F-41BD-B869-A96D1A58F784}.Debug|x64.Build.0 = Debug|x64
		{5F139AD2-256F-41BD-B869-A96D1A58F784}.Debug|x86.ActiveCfg = Debug|Win32
		{5F139AD2-256F-41BD-B869-A96D1A58F784}.Debug|x86.Build.0 = Debug|Win32
		{5F139AD2-256F-41BD-B869-A96D1A58F784}.Release|x64.ActiveCfg = Release|x64
		{5F139AD2-256F-41BD-B869-A96D1A58F784}.Release|x64.Build.0 = Release|x64
		{5F139AD2-256F-41BD-B869-A96D1A58F784}.Release|x86.ActiveCfg = Release|Win32
		{5F139AD2-256F-41BD-B869-A96D1A58F784}.Release|x86.Build.0 = Release|Win32
	EndGlobalSection
	GlobalSection(SolutionProperties) = preSolution
		HideSolutionNode = FALSE
	EndGlobalSection
	GlobalSection(ExtensibilityGlobals) = postSolution
		SolutionGuid = {A9382B0E-98E1-4CE1-BD77-32584ECAD58B}
	EndGlobalSection
EndGlobal
